PODS:
  - Alamofire (4.5.0)
  - AlamofireNetworkActivityIndicator (2.2.0):
    - Alamofire (~> 4.5)
  - ChameleonFramework/Default (2.1.0)
  - ChameleonFramework/Swift (2.1.0):
    - ChameleonFramework/Default
  - Crashlytics (3.8.5):
    - Fabric (~> 1.6.3)
  - DrawerController (3.2.1):
    - DrawerController/Core (= 3.2.1)
    - DrawerController/DrawerVisualStates (= 3.2.1)
  - DrawerController/Core (3.2.1)
  - DrawerController/DrawerVisualStates (3.2.1):
    - DrawerController/Core
  - Fabric (1.6.12)
  - Firebase/Core (4.1.0):
    - FirebaseAnalytics (= 4.0.3)
    - FirebaseCore (= 4.0.5)
  - Firebase/Messaging (4.1.0):
    - Firebase/Core
    - FirebaseMessaging (= 2.0.1)
  - Firebase/RemoteConfig (4.1.0):
    - Firebase/Core
    - FirebaseRemoteConfig (= 2.0.2)
  - FirebaseAnalytics (4.0.3):
    - FirebaseCore (~> 4.0)
    - FirebaseInstanceID (~> 2.0)
    - GoogleToolboxForMac/NSData+zlib (~> 2.1)
    - nanopb (~> 0.3)
  - FirebaseCore (4.0.5):
    - GoogleToolboxForMac/NSData+zlib (~> 2.1)
    - nanopb (~> 0.3)
  - FirebaseInstanceID (2.0.1):
    - FirebaseCore (~> 4.0)
  - FirebaseMessaging (2.0.1):
    - FirebaseAnalytics (~> 4.0)
    - FirebaseCore (~> 4.0)
    - FirebaseInstanceID (~> 2.0)
    - GoogleToolboxForMac/Logger (~> 2.1)
    - Protobuf (~> 3.1)
  - FirebaseRemoteConfig (2.0.2):
    - FirebaseAnalytics (~> 4.0)
    - FirebaseInstanceID (~> 2.0)
    - GoogleToolboxForMac/NSData+zlib (~> 2.1)
    - Protobuf (~> 3.1)
  - Google/Core (2.0.4):
    - GoogleInterchangeUtilities (~> 1.0)
    - GoogleNetworkingUtilities (~> 1.0)
    - GoogleSymbolUtilities (~> 1.0)
    - GoogleUtilities (~> 1.1)
  - Google/SignIn (2.0.4):
    - Google/Core
    - GoogleSignIn (~> 3.0)
  - GoogleAppUtilities (1.1.2):
    - GoogleSymbolUtilities (~> 1.1)
  - GoogleAuthUtilities (2.0.2):
    - GoogleNetworkingUtilities (~> 1.2)
    - GoogleSymbolUtilities (~> 1.1)
  - GoogleInterchangeUtilities (1.2.2):
    - GoogleSymbolUtilities (~> 1.1)
  - GoogleNetworkingUtilities (1.2.2):
    - GoogleSymbolUtilities (~> 1.1)
  - GoogleSignIn (3.0.0):
    - GoogleAppUtilities (~> 1.0)
    - GoogleAuthUtilities (~> 2.0)
    - GoogleNetworkingUtilities (~> 1.0)
    - GoogleUtilities (~> 1.0)
  - GoogleSymbolUtilities (1.1.2)
  - GoogleToolboxForMac/Defines (2.1.1)
  - GoogleToolboxForMac/Logger (2.1.1):
    - GoogleToolboxForMac/Defines (= 2.1.1)
  - GoogleToolboxForMac/NSData+zlib (2.1.1):
    - GoogleToolboxForMac/Defines (= 2.1.1)
  - GoogleUtilities (1.3.2):
    - GoogleSymbolUtilities (~> 1.1)
  - KDCircularProgress (1.5.2)
  - Kingfisher (3.11.0)
  - LocationPickerViewController (3.0.2)
  - nanopb (0.3.8):
    - nanopb/decode (= 0.3.8)
    - nanopb/encode (= 0.3.8)
  - nanopb/decode (0.3.8)
  - nanopb/encode (0.3.8)
  - ObjectMapper (2.2.8)
  - Permission/Core (2.0.4)
  - Permission/Location (2.0.4):
    - Permission/Core
  - Permission/Notifications (2.0.4):
    - Permission/Core
  - PolyglotLocalization (0.6.0)
  - Protobuf (3.4.0)
  - Pulley (1.5.2)
  - Realm (2.10.0):
    - Realm/Headers (= 2.10.0)
  - Realm/Headers (2.10.0)
  - RealmSwift (2.10.0):
    - Realm (= 2.10.0)
  - RxCocoa (3.6.1):
    - RxSwift (~> 3.6)
  - RxSwift (3.6.1)
  - SSZipArchive (2.0.4)
  - StatefulViewController (3.0)
  - SwiftValidator (4.0.0)
  - SwiftyBeaver (1.4.0)
  - SwiftyJSON (3.1.4)
  - zipzap (8.0.6)

DEPENDENCIES:
  - Alamofire (~> 4.4)
  - AlamofireNetworkActivityIndicator (~> 2.0)
  - ChameleonFramework/Swift (from `https://github.com/ViccAlexander/Chameleon.git`)
  - Crashlytics
  - DrawerController (~> 3.1)
  - Fabric
  - Firebase/Core (~> 4.1.0)
  - Firebase/Messaging (~> 4.1.0)
  - Firebase/RemoteConfig (~> 4.1.0)
  - Google/SignIn
  - KDCircularProgress (~> 1.2)
  - Kingfisher (~> 3.0)
  - LocationPickerViewController
  - ObjectMapper (~> 2.2)
  - Permission/Location
  - Permission/Notifications
  - PolyglotLocalization
  - Pulley
  - RealmSwift
  - RxCocoa (~> 3.0)
  - RxSwift (~> 3.0)
  - SSZipArchive
  - StatefulViewController (~> 3.0)
  - SwiftValidator (from `https://github.com/jpotts18/SwiftValidator.git`, branch `swift-3`)
  - SwiftyBeaver
  - SwiftyJSON
  - zipzap (~> 8.0.4)

EXTERNAL SOURCES:
  ChameleonFramework:
    :git: https://github.com/ViccAlexander/Chameleon.git
  SwiftValidator:
    :branch: swift-3
    :git: https://github.com/jpotts18/SwiftValidator.git

CHECKOUT OPTIONS:
  ChameleonFramework:
    :commit: 6dd284bde21ea2e7f9fd89bc36f40df16e16369d
    :git: https://github.com/ViccAlexander/Chameleon.git
  SwiftValidator:
    :commit: fe336620d5e578e015520a10cec432fe7c4000bf
    :git: https://github.com/jpotts18/SwiftValidator.git

SPEC CHECKSUMS:
  Alamofire: f28cdffd29de33a7bfa022cbd63ae95a27fae140
  AlamofireNetworkActivityIndicator: 81e1630e7cfed22a4e4e82a174c59e651dc4f8ca
  ChameleonFramework: d21a3cc247abfe5e37609a283a8238b03575cf64
  Crashlytics: dfbae35ef22ca189240d230ad501feea4ee85d2d
  DrawerController: d2f25c567a1786476d74bfe8cde9a5bdd39972a9
  Fabric: f050464eac45a2ce5a8e6e6a07e977c0df32fe28
  Firebase: ebebf41db7f10e0c7668b6eaaa857fbe599aa478
  FirebaseAnalytics: 76f754d37ca5b04f36856729b6af3ca0152d1069
  FirebaseCore: 7d876ea97a830cbe62ba7fbbe7670c833a324ba0
  FirebaseInstanceID: 0500e3cb54a1a4e01a8cffcc09323b8bb8fc7e1e
  FirebaseMessaging: b45ff9ef5d932600d3f78ff43168e7c5707aa7dc
  FirebaseRemoteConfig: 5b3e3301ef2f237b1b588e8ef3211b5a22e9e15d
  Google: d536877ec602555b755cc28ce6fed104825c693c
  GoogleAppUtilities: a8a552aa74f6597f805e45b5a3962766c3134973
  GoogleAuthUtilities: ccad2e0a9284699973ff57c0dd24c3893657fda4
  GoogleInterchangeUtilities: d5bc4d88d5b661ab72f9d70c58d02ca8c27ad1f7
  GoogleNetworkingUtilities: 3edd3a8161347494f2da60ea0deddc8a472d94cb
  GoogleSignIn: 3d571172b8603be39dcb1705d8217146bb76fe62
  GoogleSymbolUtilities: 631ee17048aa5e9ab133470d768ea997a5ef9b96
  GoogleToolboxForMac: 8e329f1b599f2512c6b10676d45736bcc2cbbeb0
  GoogleUtilities: 8bbc733218aad26306f9d4a253823986110e3358
  KDCircularProgress: 12f677b2deb02409ab48c6cae1898d146b8ad549
  Kingfisher: c8911a7672c6217dec8c0520fb6e76ec4b7e0780
  LocationPickerViewController: ca4577f669146a8ae1cddf497f9c951aec55d8a9
  nanopb: 5601e6bca2dbf1ed831b519092ec110f66982ca3
  ObjectMapper: 3d571bb5af471c779e1160828cd9ad5c4ef90958
  Permission: 6853b9694e66a6c9197468c66d1935c3629cbf9c
  PolyglotLocalization: fe08194e034fdfccecc4d1962bbe1f7a534410c5
  Protobuf: 03eef2ee0b674770735cf79d9c4d3659cf6908e8
  Pulley: f5213e59f3bc8f0d74e933d98b9b2000a0fd4d18
  Realm: 98b3a25643cf6b3e07d2b99fb43fe0eb9c801dec
  RealmSwift: 34073ad3a31232bbaf7c0db898c037940284cba2
  RxCocoa: 84a08739ab186248c7f31ce4ee92d6f8a947d690
  RxSwift: f9de85ea20cd2f7716ee5409fc13523dc638e4e4
  SSZipArchive: c77fc6ec8194f4e6d57876da1348e46cd63b90ba
  StatefulViewController: 4803bf900d44de26074344998e10e041113b5931
  SwiftValidator: 25ded5ca1f10c05adf57f6ac82a72d28ac8d91af
  SwiftyBeaver: 78d9186ce7595b4400ce01e5fd750d263e72dd7b
  SwiftyJSON: c2842d878f95482ffceec5709abc3d05680c0220
  zipzap: 9de722cee38b7c3a8b1134913a8a67ab36cb97c1

PODFILE CHECKSUM: 259a41d102f2c2f540be4ab8180ba7d3f2640d87

COCOAPODS: 1.3.1
